
Microsoft Visual Studio Solution File, Format Version 12.00
# Visual Studio Version 17
VisualStudioVersion = 17.6.33723.286
MinimumVisualStudioVersion = 10.0.40219.1
Project("{9A19103F-16F7-4668-BE54-9A1E7A4F7556}") = "ArrayCuadrados.Consola", "Ejercicio03.Consola\ArrayCuadrados.Consola.csproj", "{AF4793D3-060A-41B1-B950-C2AE7C832504}"
EndProject
Project("{9A19103F-16F7-4668-BE54-9A1E7A4F7556}") = "ArrayCuadrados.Entidades", "ArrayCuadrados.Entidades\ArrayCuadrados.Entidades.csproj", "{DA8EE7F5-CEE9-4D7F-A767-F52CC1DDA62F}"
EndProject
Project("{9A19103F-16F7-4668-BE54-9A1E7A4F7556}") = "ArrayCuadrados.Windows", "ArrayCuadrados.Windows\ArrayCuadrados.Windows.csproj", "{AA62F38F-B4F6-49D7-BC85-F58220FDC6D8}"
EndProject
Project("{FAE04EC0-301F-11D3-BF4B-00C04F79EFBC}") = "ArrayCuadrados.Datos", "ArrayCuadrados.Datos\ArrayCuadrados.Datos.csproj", "{04844074-7519-4E01-BF77-256DEFDD9D51}"
EndProject
Global
	GlobalSection(SolutionConfigurationPlatforms) = preSolution
		Debug|Any CPU = Debug|Any CPU
		Release|Any CPU = Release|Any CPU
	EndGlobalSection
	GlobalSection(ProjectConfigurationPlatforms) = postSolution
		{AF4793D3-060A-41B1-B950-C2AE7C832504}.Debug|Any CPU.ActiveCfg = Debug|Any CPU
		{AF4793D3-060A-41B1-B950-C2AE7C832504}.Debug|Any CPU.Build.0 = Debug|Any CPU
		{AF4793D3-060A-41B1-B950-C2AE7C832504}.Release|Any CPU.ActiveCfg = Release|Any CPU
		{AF4793D3-060A-41B1-B950-C2AE7C832504}.Release|Any CPU.Build.0 = Release|Any CPU
		{DA8EE7F5-CEE9-4D7F-A767-F52CC1DDA62F}.Debug|Any CPU.ActiveCfg = Debug|Any CPU
		{DA8EE7F5-CEE9-4D7F-A767-F52CC1DDA62F}.Debug|Any CPU.Build.0 = Debug|Any CPU
		{DA8EE7F5-CEE9-4D7F-A767-F52CC1DDA62F}.Release|Any CPU.ActiveCfg = Release|Any CPU
		{DA8EE7F5-CEE9-4D7F-A767-F52CC1DDA62F}.Release|Any CPU.Build.0 = Release|Any CPU
		{AA62F38F-B4F6-49D7-BC85-F58220FDC6D8}.Debug|Any CPU.ActiveCfg = Debug|Any CPU
		{AA62F38F-B4F6-49D7-BC85-F58220FDC6D8}.Debug|Any CPU.Build.0 = Debug|Any CPU
		{AA62F38F-B4F6-49D7-BC85-F58220FDC6D8}.Release|Any CPU.ActiveCfg = Release|Any CPU
		{AA62F38F-B4F6-49D7-BC85-F58220FDC6D8}.Release|Any CPU.Build.0 = Release|Any CPU
		{04844074-7519-4E01-BF77-256DEFDD9D51}.Debug|Any CPU.ActiveCfg = Debug|Any CPU
		{04844074-7519-4E01-BF77-256DEFDD9D51}.Debug|Any CPU.Build.0 = Debug|Any CPU
		{04844074-7519-4E01-BF77-256DEFDD9D51}.Release|Any CPU.ActiveCfg = Release|Any CPU
		{04844074-7519-4E01-BF77-256DEFDD9D51}.Release|Any CPU.Build.0 = Release|Any CPU
	EndGlobalSection
	GlobalSection(SolutionProperties) = preSolution
		HideSolutionNode = FALSE
	EndGlobalSection
	GlobalSection(ExtensibilityGlobals) = postSolution
		SolutionGuid = {FD605E33-2C3E-4920-88E9-AB8F46AF3CF1}
	EndGlobalSection
EndGlobal
